// !$*UTF8*$!
{
	archiveVersion = 1;
	classes = {
	};
	objectVersion = 46;
	objects = {

/* Begin PBXBuildFile section */
		2EA5BADAA63B9509A3B0A5A3 /* libPods-TianlangStar.a in Frameworks */ = {isa = PBXBuildFile; fileRef = 2B90E1B38CD70A4ED6F4D1C9 /* libPods-TianlangStar.a */; };
		717D0D831DC0B5620036D5F4 /* RegistVC.m in Sources */ = {isa = PBXBuildFile; fileRef = 717D0D821DC0B5620036D5F4 /* RegistVC.m */; };
		71BE7FC81DC324B4000E0BFB /* RegistProtocolVC.m in Sources */ = {isa = PBXBuildFile; fileRef = 71BE7FC71DC324B4000E0BFB /* RegistProtocolVC.m */; };
		71BE7FD11DC336E6000E0BFB /* ForgetPwdVC.m in Sources */ = {isa = PBXBuildFile; fileRef = 71BE7FD01DC336E6000E0BFB /* ForgetPwdVC.m */; };
		D705CEA91DC09BBF00F65BE0 /* main.m in Sources */ = {isa = PBXBuildFile; fileRef = D705CEA81DC09BBF00F65BE0 /* main.m */; };
		D705CEB41DC09BBF00F65BE0 /* Assets.xcassets in Resources */ = {isa = PBXBuildFile; fileRef = D705CEB31DC09BBF00F65BE0 /* Assets.xcassets */; };
		D705CEB71DC09BBF00F65BE0 /* LaunchScreen.storyboard in Resources */ = {isa = PBXBuildFile; fileRef = D705CEB51DC09BBF00F65BE0 /* LaunchScreen.storyboard */; };
		D705CEC21DC09BBF00F65BE0 /* TianlangStarTests.m in Sources */ = {isa = PBXBuildFile; fileRef = D705CEC11DC09BBF00F65BE0 /* TianlangStarTests.m */; };
		D705CECD1DC09BBF00F65BE0 /* TianlangStarUITests.m in Sources */ = {isa = PBXBuildFile; fileRef = D705CECC1DC09BBF00F65BE0 /* TianlangStarUITests.m */; };
		D705CF1D1DC09C6400F65BE0 /* AppDelegate.m in Sources */ = {isa = PBXBuildFile; fileRef = D705CEDD1DC09C6400F65BE0 /* AppDelegate.m */; };
		D705CF1E1DC09C6400F65BE0 /* Foundation+Log.m in Sources */ = {isa = PBXBuildFile; fileRef = D705CEE01DC09C6400F65BE0 /* Foundation+Log.m */; };
		D705CF1F1DC09C6400F65BE0 /* NSString+extension.m in Sources */ = {isa = PBXBuildFile; fileRef = D705CEE21DC09C6400F65BE0 /* NSString+extension.m */; };
		D705CF201DC09C6400F65BE0 /* PinchPicture.m in Sources */ = {isa = PBXBuildFile; fileRef = D705CEE41DC09C6400F65BE0 /* PinchPicture.m */; };
		D705CF211DC09C6400F65BE0 /* RSA.m in Sources */ = {isa = PBXBuildFile; fileRef = D705CEE61DC09C6400F65BE0 /* RSA.m */; };
		D705CF221DC09C6400F65BE0 /* TestFildJudge.m in Sources */ = {isa = PBXBuildFile; fileRef = D705CEE81DC09C6400F65BE0 /* TestFildJudge.m */; };
		D705CF231DC09C6400F65BE0 /* UIImage+Cut.m in Sources */ = {isa = PBXBuildFile; fileRef = D705CEEA1DC09C6400F65BE0 /* UIImage+Cut.m */; };
		D705CF241DC09C6400F65BE0 /* UIImage+Tool.m in Sources */ = {isa = PBXBuildFile; fileRef = D705CEEC1DC09C6400F65BE0 /* UIImage+Tool.m */; };
		D705CF251DC09C6400F65BE0 /* UILabel+LabelHeightAndWidth.m in Sources */ = {isa = PBXBuildFile; fileRef = D705CEEE1DC09C6400F65BE0 /* UILabel+LabelHeightAndWidth.m */; };
		D705CF261DC09C6400F65BE0 /* UITableViewCell+AdjustHeight.m in Sources */ = {isa = PBXBuildFile; fileRef = D705CEF01DC09C6400F65BE0 /* UITableViewCell+AdjustHeight.m */; };
		D705CF271DC09C6400F65BE0 /* UITextField+extension.m in Sources */ = {isa = PBXBuildFile; fileRef = D705CEF21DC09C6400F65BE0 /* UITextField+extension.m */; };
		D705CF281DC09C6400F65BE0 /* UIView+XMGExtension.m in Sources */ = {isa = PBXBuildFile; fileRef = D705CEF41DC09C6400F65BE0 /* UIView+XMGExtension.m */; };
		D705CF291DC09C6400F65BE0 /* XLXConst.m in Sources */ = {isa = PBXBuildFile; fileRef = D705CEF61DC09C6400F65BE0 /* XLXConst.m */; };
		D705CF2A1DC09C6400F65BE0 /* UserInfo.m in Sources */ = {isa = PBXBuildFile; fileRef = D705CEFC1DC09C6400F65BE0 /* UserInfo.m */; };
		D705CF2B1DC09C6400F65BE0 /* HomePageVC.m in Sources */ = {isa = PBXBuildFile; fileRef = D705CF001DC09C6400F65BE0 /* HomePageVC.m */; };
		D705CF2C1DC09C6400F65BE0 /* MineVC.m in Sources */ = {isa = PBXBuildFile; fileRef = D705CF061DC09C6400F65BE0 /* MineVC.m */; };
		D705CF2D1DC09C6400F65BE0 /* LICENCE.txt in Resources */ = {isa = PBXBuildFile; fileRef = D705CF0A1DC09C6400F65BE0 /* LICENCE.txt */; };
		D705CF2E1DC09C6400F65BE0 /* Reachability.m in Sources */ = {isa = PBXBuildFile; fileRef = D705CF0C1DC09C6400F65BE0 /* Reachability.m */; };
		D705CF2F1DC09C6400F65BE0 /* README.md in Sources */ = {isa = PBXBuildFile; fileRef = D705CF0D1DC09C6400F65BE0 /* README.md */; };
		D705CF301DC09C6400F65BE0 /* RootVC.m in Sources */ = {isa = PBXBuildFile; fileRef = D705CF101DC09C6400F65BE0 /* RootVC.m */; };
		D705CF311DC09C6400F65BE0 /* ShoppingCartVC.m in Sources */ = {isa = PBXBuildFile; fileRef = D705CF141DC09C6400F65BE0 /* ShoppingCartVC.m */; };
		D705CF321DC09C6400F65BE0 /* TLStarVC.m in Sources */ = {isa = PBXBuildFile; fileRef = D705CF1A1DC09C6400F65BE0 /* TLStarVC.m */; };
		D705CF351DC09CBB00F65BE0 /* Main.storyboard in Resources */ = {isa = PBXBuildFile; fileRef = D705CF331DC09CBB00F65BE0 /* Main.storyboard */; };
		D71F66B41DCC289E000A6861 /* CarInputCell.m in Sources */ = {isa = PBXBuildFile; fileRef = D71F66B31DCC289E000A6861 /* CarInputCell.m */; };
		D728670A1DCB144800D77B38 /* ILBaseTableViewController.m in Sources */ = {isa = PBXBuildFile; fileRef = D72866FB1DCB144800D77B38 /* ILBaseTableViewController.m */; };
		D728670B1DCB144800D77B38 /* ILSettingArrowItem.m in Sources */ = {isa = PBXBuildFile; fileRef = D72866FE1DCB144800D77B38 /* ILSettingArrowItem.m */; };
		D728670C1DCB144800D77B38 /* ILSettingGroup.m in Sources */ = {isa = PBXBuildFile; fileRef = D72867001DCB144800D77B38 /* ILSettingGroup.m */; };
		D728670D1DCB144800D77B38 /* ILSettingItem.m in Sources */ = {isa = PBXBuildFile; fileRef = D72867021DCB144800D77B38 /* ILSettingItem.m */; };
		D728670E1DCB144800D77B38 /* ILSettingCell.m in Sources */ = {isa = PBXBuildFile; fileRef = D72867051DCB144800D77B38 /* ILSettingCell.m */; };
		D728670F1DCB144800D77B38 /* ILSettingLabelItem.m in Sources */ = {isa = PBXBuildFile; fileRef = D72867071DCB144800D77B38 /* ILSettingLabelItem.m */; };
		D72867101DCB144800D77B38 /* ILSettingSwitchItem.m in Sources */ = {isa = PBXBuildFile; fileRef = D72867091DCB144800D77B38 /* ILSettingSwitchItem.m */; };
		D72867141DCB154C00D77B38 /* FeedbackVC.m in Sources */ = {isa = PBXBuildFile; fileRef = D72867121DCB154C00D77B38 /* FeedbackVC.m */; };
		D72867151DCB154C00D77B38 /* FeedbackVC.xib in Resources */ = {isa = PBXBuildFile; fileRef = D72867131DCB154C00D77B38 /* FeedbackVC.xib */; };
		D72867181DCB318E00D77B38 /* CarInfoListVC.m in Sources */ = {isa = PBXBuildFile; fileRef = D72867171DCB318E00D77B38 /* CarInfoListVC.m */; };
		D728671B1DCB33BE00D77B38 /* CarsNav.m in Sources */ = {isa = PBXBuildFile; fileRef = D728671A1DCB33BE00D77B38 /* CarsNav.m */; };
		D728671E1DCB3B3E00D77B38 /* CarInfoChangeVC.m in Sources */ = {isa = PBXBuildFile; fileRef = D728671D1DCB3B3E00D77B38 /* CarInfoChangeVC.m */; };
		D744546E1DC0A4E3008B5E27 /* LoginVC.m in Sources */ = {isa = PBXBuildFile; fileRef = D744546D1DC0A4E3008B5E27 /* LoginVC.m */; };
		D74454711DC0A93A008B5E27 /* UserModel.m in Sources */ = {isa = PBXBuildFile; fileRef = D74454701DC0A93A008B5E27 /* UserModel.m */; };
		D74454741DC0B4EC008B5E27 /* AlertView.m in Sources */ = {isa = PBXBuildFile; fileRef = D74454731DC0B4EC008B5E27 /* AlertView.m */; };
		D7CFB89B1DC6D1DD0063A1B5 /* LoginView.m in Sources */ = {isa = PBXBuildFile; fileRef = D7CFB89A1DC6D1DD0063A1B5 /* LoginView.m */; };
		D7DC69881DC8425A004C67F5 /* UserInfoManagementTVC.m in Sources */ = {isa = PBXBuildFile; fileRef = D7DC69871DC8425A004C67F5 /* UserInfoManagementTVC.m */; };
/* End PBXBuildFile section */

/* Begin PBXContainerItemProxy section */
		D705CEBE1DC09BBF00F65BE0 /* PBXContainerItemProxy */ = {
			isa = PBXContainerItemProxy;
			containerPortal = D705CE9C1DC09BBE00F65BE0 /* Project object */;
			proxyType = 1;
			remoteGlobalIDString = D705CEA31DC09BBF00F65BE0;
			remoteInfo = TianlangStar;
		};
		D705CEC91DC09BBF00F65BE0 /* PBXContainerItemProxy */ = {
			isa = PBXContainerItemProxy;
			containerPortal = D705CE9C1DC09BBE00F65BE0 /* Project object */;
			proxyType = 1;
			remoteGlobalIDString = D705CEA31DC09BBF00F65BE0;
			remoteInfo = TianlangStar;
		};
/* End PBXContainerItemProxy section */

/* Begin PBXFileReference section */
		2B90E1B38CD70A4ED6F4D1C9 /* libPods-TianlangStar.a */ = {isa = PBXFileReference; explicitFileType = archive.ar; includeInIndex = 0; path = "libPods-TianlangStar.a"; sourceTree = BUILT_PRODUCTS_DIR; };
		717D0D811DC0B5620036D5F4 /* RegistVC.h */ = {isa = PBXFileReference; fileEncoding = 4; lastKnownFileType = sourcecode.c.h; path = RegistVC.h; sourceTree = "<group>"; };
		717D0D821DC0B5620036D5F4 /* RegistVC.m */ = {isa = PBXFileReference; fileEncoding = 4; lastKnownFileType = sourcecode.c.objc; path = RegistVC.m; sourceTree = "<group>"; };
		71BE7FC61DC324B4000E0BFB /* RegistProtocolVC.h */ = {isa = PBXFileReference; fileEncoding = 4; lastKnownFileType = sourcecode.c.h; path = RegistProtocolVC.h; sourceTree = "<group>"; };
		71BE7FC71DC324B4000E0BFB /* RegistProtocolVC.m */ = {isa = PBXFileReference; fileEncoding = 4; lastKnownFileType = sourcecode.c.objc; path = RegistProtocolVC.m; sourceTree = "<group>"; };
		71BE7FCF1DC336E6000E0BFB /* ForgetPwdVC.h */ = {isa = PBXFileReference; fileEncoding = 4; lastKnownFileType = sourcecode.c.h; path = ForgetPwdVC.h; sourceTree = "<group>"; };
		71BE7FD01DC336E6000E0BFB /* ForgetPwdVC.m */ = {isa = PBXFileReference; fileEncoding = 4; lastKnownFileType = sourcecode.c.objc; path = ForgetPwdVC.m; sourceTree = "<group>"; };
		D705CEA41DC09BBF00F65BE0 /* TianlangStar.app */ = {isa = PBXFileReference; explicitFileType = wrapper.application; includeInIndex = 0; path = TianlangStar.app; sourceTree = BUILT_PRODUCTS_DIR; };
		D705CEA81DC09BBF00F65BE0 /* main.m */ = {isa = PBXFileReference; lastKnownFileType = sourcecode.c.objc; path = main.m; sourceTree = "<group>"; };
		D705CEB31DC09BBF00F65BE0 /* Assets.xcassets */ = {isa = PBXFileReference; lastKnownFileType = folder.assetcatalog; path = Assets.xcassets; sourceTree = "<group>"; };
		D705CEB61DC09BBF00F65BE0 /* Base */ = {isa = PBXFileReference; lastKnownFileType = file.storyboard; name = Base; path = Base.lproj/LaunchScreen.storyboard; sourceTree = "<group>"; };
		D705CEB81DC09BBF00F65BE0 /* Info.plist */ = {isa = PBXFileReference; lastKnownFileType = text.plist.xml; path = Info.plist; sourceTree = "<group>"; };
		D705CEBD1DC09BBF00F65BE0 /* TianlangStarTests.xctest */ = {isa = PBXFileReference; explicitFileType = wrapper.cfbundle; includeInIndex = 0; path = TianlangStarTests.xctest; sourceTree = BUILT_PRODUCTS_DIR; };
		D705CEC11DC09BBF00F65BE0 /* TianlangStarTests.m */ = {isa = PBXFileReference; lastKnownFileType = sourcecode.c.objc; path = TianlangStarTests.m; sourceTree = "<group>"; };
		D705CEC31DC09BBF00F65BE0 /* Info.plist */ = {isa = PBXFileReference; lastKnownFileType = text.plist.xml; path = Info.plist; sourceTree = "<group>"; };
		D705CEC81DC09BBF00F65BE0 /* TianlangStarUITests.xctest */ = {isa = PBXFileReference; explicitFileType = wrapper.cfbundle; includeInIndex = 0; path = TianlangStarUITests.xctest; sourceTree = BUILT_PRODUCTS_DIR; };
		D705CECC1DC09BBF00F65BE0 /* TianlangStarUITests.m */ = {isa = PBXFileReference; lastKnownFileType = sourcecode.c.objc; path = TianlangStarUITests.m; sourceTree = "<group>"; };
		D705CECE1DC09BBF00F65BE0 /* Info.plist */ = {isa = PBXFileReference; lastKnownFileType = text.plist.xml; path = Info.plist; sourceTree = "<group>"; };
		D705CEDC1DC09C6400F65BE0 /* AppDelegate.h */ = {isa = PBXFileReference; fileEncoding = 4; lastKnownFileType = sourcecode.c.h; path = AppDelegate.h; sourceTree = "<group>"; };
		D705CEDD1DC09C6400F65BE0 /* AppDelegate.m */ = {isa = PBXFileReference; fileEncoding = 4; lastKnownFileType = sourcecode.c.objc; path = AppDelegate.m; sourceTree = "<group>"; };
		D705CEE01DC09C6400F65BE0 /* Foundation+Log.m */ = {isa = PBXFileReference; fileEncoding = 4; lastKnownFileType = sourcecode.c.objc; path = "Foundation+Log.m"; sourceTree = "<group>"; };
		D705CEE11DC09C6400F65BE0 /* NSString+extension.h */ = {isa = PBXFileReference; fileEncoding = 4; lastKnownFileType = sourcecode.c.h; path = "NSString+extension.h"; sourceTree = "<group>"; };
		D705CEE21DC09C6400F65BE0 /* NSString+extension.m */ = {isa = PBXFileReference; fileEncoding = 4; lastKnownFileType = sourcecode.c.objc; path = "NSString+extension.m"; sourceTree = "<group>"; };
		D705CEE31DC09C6400F65BE0 /* PinchPicture.h */ = {isa = PBXFileReference; fileEncoding = 4; lastKnownFileType = sourcecode.c.h; path = PinchPicture.h; sourceTree = "<group>"; };
		D705CEE41DC09C6400F65BE0 /* PinchPicture.m */ = {isa = PBXFileReference; fileEncoding = 4; lastKnownFileType = sourcecode.c.objc; path = PinchPicture.m; sourceTree = "<group>"; };
		D705CEE51DC09C6400F65BE0 /* RSA.h */ = {isa = PBXFileReference; fileEncoding = 4; lastKnownFileType = sourcecode.c.h; path = RSA.h; sourceTree = "<group>"; };
		D705CEE61DC09C6400F65BE0 /* RSA.m */ = {isa = PBXFileReference; fileEncoding = 4; lastKnownFileType = sourcecode.c.objc; path = RSA.m; sourceTree = "<group>"; };
		D705CEE71DC09C6400F65BE0 /* TestFildJudge.h */ = {isa = PBXFileReference; fileEncoding = 4; lastKnownFileType = sourcecode.c.h; path = TestFildJudge.h; sourceTree = "<group>"; };
		D705CEE81DC09C6400F65BE0 /* TestFildJudge.m */ = {isa = PBXFileReference; fileEncoding = 4; lastKnownFileType = sourcecode.c.objc; path = TestFildJudge.m; sourceTree = "<group>"; };
		D705CEE91DC09C6400F65BE0 /* UIImage+Cut.h */ = {isa = PBXFileReference; fileEncoding = 4; lastKnownFileType = sourcecode.c.h; path = "UIImage+Cut.h"; sourceTree = "<group>"; };
		D705CEEA1DC09C6400F65BE0 /* UIImage+Cut.m */ = {isa = PBXFileReference; fileEncoding = 4; lastKnownFileType = sourcecode.c.objc; path = "UIImage+Cut.m"; sourceTree = "<group>"; };
		D705CEEB1DC09C6400F65BE0 /* UIImage+Tool.h */ = {isa = PBXFileReference; fileEncoding = 4; lastKnownFileType = sourcecode.c.h; path = "UIImage+Tool.h"; sourceTree = "<group>"; };
		D705CEEC1DC09C6400F65BE0 /* UIImage+Tool.m */ = {isa = PBXFileReference; fileEncoding = 4; lastKnownFileType = sourcecode.c.objc; path = "UIImage+Tool.m"; sourceTree = "<group>"; };
		D705CEED1DC09C6400F65BE0 /* UILabel+LabelHeightAndWidth.h */ = {isa = PBXFileReference; fileEncoding = 4; lastKnownFileType = sourcecode.c.h; path = "UILabel+LabelHeightAndWidth.h"; sourceTree = "<group>"; };
		D705CEEE1DC09C6400F65BE0 /* UILabel+LabelHeightAndWidth.m */ = {isa = PBXFileReference; fileEncoding = 4; lastKnownFileType = sourcecode.c.objc; path = "UILabel+LabelHeightAndWidth.m"; sourceTree = "<group>"; };
		D705CEEF1DC09C6400F65BE0 /* UITableViewCell+AdjustHeight.h */ = {isa = PBXFileReference; fileEncoding = 4; lastKnownFileType = sourcecode.c.h; path = "UITableViewCell+AdjustHeight.h"; sourceTree = "<group>"; };
		D705CEF01DC09C6400F65BE0 /* UITableViewCell+AdjustHeight.m */ = {isa = PBXFileReference; fileEncoding = 4; lastKnownFileType = sourcecode.c.objc; path = "UITableViewCell+AdjustHeight.m"; sourceTree = "<group>"; };
		D705CEF11DC09C6400F65BE0 /* UITextField+extension.h */ = {isa = PBXFileReference; fileEncoding = 4; lastKnownFileType = sourcecode.c.h; path = "UITextField+extension.h"; sourceTree = "<group>"; };
		D705CEF21DC09C6400F65BE0 /* UITextField+extension.m */ = {isa = PBXFileReference; fileEncoding = 4; lastKnownFileType = sourcecode.c.objc; path = "UITextField+extension.m"; sourceTree = "<group>"; };
		D705CEF31DC09C6400F65BE0 /* UIView+XMGExtension.h */ = {isa = PBXFileReference; fileEncoding = 4; lastKnownFileType = sourcecode.c.h; path = "UIView+XMGExtension.h"; sourceTree = "<group>"; };
		D705CEF41DC09C6400F65BE0 /* UIView+XMGExtension.m */ = {isa = PBXFileReference; fileEncoding = 4; lastKnownFileType = sourcecode.c.objc; path = "UIView+XMGExtension.m"; sourceTree = "<group>"; };
		D705CEF51DC09C6400F65BE0 /* XLXConst.h */ = {isa = PBXFileReference; fileEncoding = 4; lastKnownFileType = sourcecode.c.h; path = XLXConst.h; sourceTree = "<group>"; };
		D705CEF61DC09C6400F65BE0 /* XLXConst.m */ = {isa = PBXFileReference; fileEncoding = 4; lastKnownFileType = sourcecode.c.objc; path = XLXConst.m; sourceTree = "<group>"; };
		D705CEF81DC09C6400F65BE0 /* PrefixHeader.pch */ = {isa = PBXFileReference; fileEncoding = 4; lastKnownFileType = sourcecode.c.h; path = PrefixHeader.pch; sourceTree = "<group>"; };
		D705CEFA1DC09C6400F65BE0 /* Singleton.h */ = {isa = PBXFileReference; fileEncoding = 4; lastKnownFileType = sourcecode.c.h; path = Singleton.h; sourceTree = "<group>"; };
		D705CEFB1DC09C6400F65BE0 /* UserInfo.h */ = {isa = PBXFileReference; fileEncoding = 4; lastKnownFileType = sourcecode.c.h; path = UserInfo.h; sourceTree = "<group>"; };
		D705CEFC1DC09C6400F65BE0 /* UserInfo.m */ = {isa = PBXFileReference; fileEncoding = 4; lastKnownFileType = sourcecode.c.objc; path = UserInfo.m; sourceTree = "<group>"; };
		D705CEFF1DC09C6400F65BE0 /* HomePageVC.h */ = {isa = PBXFileReference; fileEncoding = 4; lastKnownFileType = sourcecode.c.h; path = HomePageVC.h; sourceTree = "<group>"; };
		D705CF001DC09C6400F65BE0 /* HomePageVC.m */ = {isa = PBXFileReference; fileEncoding = 4; lastKnownFileType = sourcecode.c.objc; path = HomePageVC.m; sourceTree = "<group>"; };
		D705CF051DC09C6400F65BE0 /* MineVC.h */ = {isa = PBXFileReference; fileEncoding = 4; lastKnownFileType = sourcecode.c.h; path = MineVC.h; sourceTree = "<group>"; };
		D705CF061DC09C6400F65BE0 /* MineVC.m */ = {isa = PBXFileReference; fileEncoding = 4; lastKnownFileType = sourcecode.c.objc; path = MineVC.m; sourceTree = "<group>"; };
		D705CF0A1DC09C6400F65BE0 /* LICENCE.txt */ = {isa = PBXFileReference; fileEncoding = 4; lastKnownFileType = text; path = LICENCE.txt; sourceTree = "<group>"; };
		D705CF0B1DC09C6400F65BE0 /* Reachability.h */ = {isa = PBXFileReference; fileEncoding = 4; lastKnownFileType = sourcecode.c.h; path = Reachability.h; sourceTree = "<group>"; };
		D705CF0C1DC09C6400F65BE0 /* Reachability.m */ = {isa = PBXFileReference; fileEncoding = 4; lastKnownFileType = sourcecode.c.objc; path = Reachability.m; sourceTree = "<group>"; };
		D705CF0D1DC09C6400F65BE0 /* README.md */ = {isa = PBXFileReference; fileEncoding = 4; lastKnownFileType = net.daringfireball.markdown; path = README.md; sourceTree = "<group>"; };
		D705CF0F1DC09C6400F65BE0 /* RootVC.h */ = {isa = PBXFileReference; fileEncoding = 4; lastKnownFileType = sourcecode.c.h; path = RootVC.h; sourceTree = "<group>"; };
		D705CF101DC09C6400F65BE0 /* RootVC.m */ = {isa = PBXFileReference; fileEncoding = 4; lastKnownFileType = sourcecode.c.objc; path = RootVC.m; sourceTree = "<group>"; };
		D705CF131DC09C6400F65BE0 /* ShoppingCartVC.h */ = {isa = PBXFileReference; fileEncoding = 4; lastKnownFileType = sourcecode.c.h; path = ShoppingCartVC.h; sourceTree = "<group>"; };
		D705CF141DC09C6400F65BE0 /* ShoppingCartVC.m */ = {isa = PBXFileReference; fileEncoding = 4; lastKnownFileType = sourcecode.c.objc; path = ShoppingCartVC.m; sourceTree = "<group>"; };
		D705CF191DC09C6400F65BE0 /* TLStarVC.h */ = {isa = PBXFileReference; fileEncoding = 4; lastKnownFileType = sourcecode.c.h; path = TLStarVC.h; sourceTree = "<group>"; };
		D705CF1A1DC09C6400F65BE0 /* TLStarVC.m */ = {isa = PBXFileReference; fileEncoding = 4; lastKnownFileType = sourcecode.c.objc; path = TLStarVC.m; sourceTree = "<group>"; };
		D705CF341DC09CBB00F65BE0 /* Base */ = {isa = PBXFileReference; lastKnownFileType = file.storyboard; name = Base; path = Base.lproj/Main.storyboard; sourceTree = "<group>"; };
		D71F66B21DCC289E000A6861 /* CarInputCell.h */ = {isa = PBXFileReference; fileEncoding = 4; lastKnownFileType = sourcecode.c.h; path = CarInputCell.h; sourceTree = "<group>"; };
		D71F66B31DCC289E000A6861 /* CarInputCell.m */ = {isa = PBXFileReference; fileEncoding = 4; lastKnownFileType = sourcecode.c.objc; path = CarInputCell.m; sourceTree = "<group>"; };
		D72866FA1DCB144800D77B38 /* ILBaseTableViewController.h */ = {isa = PBXFileReference; fileEncoding = 4; lastKnownFileType = sourcecode.c.h; path = ILBaseTableViewController.h; sourceTree = "<group>"; };
		D72866FB1DCB144800D77B38 /* ILBaseTableViewController.m */ = {isa = PBXFileReference; fileEncoding = 4; lastKnownFileType = sourcecode.c.objc; path = ILBaseTableViewController.m; sourceTree = "<group>"; };
		D72866FD1DCB144800D77B38 /* ILSettingArrowItem.h */ = {isa = PBXFileReference; fileEncoding = 4; lastKnownFileType = sourcecode.c.h; path = ILSettingArrowItem.h; sourceTree = "<group>"; };
		D72866FE1DCB144800D77B38 /* ILSettingArrowItem.m */ = {isa = PBXFileReference; fileEncoding = 4; lastKnownFileType = sourcecode.c.objc; path = ILSettingArrowItem.m; sourceTree = "<group>"; };
		D72866FF1DCB144800D77B38 /* ILSettingGroup.h */ = {isa = PBXFileReference; fileEncoding = 4; lastKnownFileType = sourcecode.c.h; path = ILSettingGroup.h; sourceTree = "<group>"; };
		D72867001DCB144800D77B38 /* ILSettingGroup.m */ = {isa = PBXFileReference; fileEncoding = 4; lastKnownFileType = sourcecode.c.objc; path = ILSettingGroup.m; sourceTree = "<group>"; };
		D72867011DCB144800D77B38 /* ILSettingItem.h */ = {isa = PBXFileReference; fileEncoding = 4; lastKnownFileType = sourcecode.c.h; path = ILSettingItem.h; sourceTree = "<group>"; };
		D72867021DCB144800D77B38 /* ILSettingItem.m */ = {isa = PBXFileReference; fileEncoding = 4; lastKnownFileType = sourcecode.c.objc; path = ILSettingItem.m; sourceTree = "<group>"; };
		D72867041DCB144800D77B38 /* ILSettingCell.h */ = {isa = PBXFileReference; fileEncoding = 4; lastKnownFileType = sourcecode.c.h; path = ILSettingCell.h; sourceTree = "<group>"; };
		D72867051DCB144800D77B38 /* ILSettingCell.m */ = {isa = PBXFileReference; fileEncoding = 4; lastKnownFileType = sourcecode.c.objc; path = ILSettingCell.m; sourceTree = "<group>"; };
		D72867061DCB144800D77B38 /* ILSettingLabelItem.h */ = {isa = PBXFileReference; fileEncoding = 4; lastKnownFileType = sourcecode.c.h; path = ILSettingLabelItem.h; sourceTree = "<group>"; };
		D72867071DCB144800D77B38 /* ILSettingLabelItem.m */ = {isa = PBXFileReference; fileEncoding = 4; lastKnownFileType = sourcecode.c.objc; path = ILSettingLabelItem.m; sourceTree = "<group>"; };
		D72867081DCB144800D77B38 /* ILSettingSwitchItem.h */ = {isa = PBXFileReference; fileEncoding = 4; lastKnownFileType = sourcecode.c.h; path = ILSettingSwitchItem.h; sourceTree = "<group>"; };
		D72867091DCB144800D77B38 /* ILSettingSwitchItem.m */ = {isa = PBXFileReference; fileEncoding = 4; lastKnownFileType = sourcecode.c.objc; path = ILSettingSwitchItem.m; sourceTree = "<group>"; };
		D72867111DCB154C00D77B38 /* FeedbackVC.h */ = {isa = PBXFileReference; fileEncoding = 4; lastKnownFileType = sourcecode.c.h; path = FeedbackVC.h; sourceTree = "<group>"; };
		D72867121DCB154C00D77B38 /* FeedbackVC.m */ = {isa = PBXFileReference; fileEncoding = 4; lastKnownFileType = sourcecode.c.objc; path = FeedbackVC.m; sourceTree = "<group>"; };
		D72867131DCB154C00D77B38 /* FeedbackVC.xib */ = {isa = PBXFileReference; fileEncoding = 4; lastKnownFileType = file.xib; path = FeedbackVC.xib; sourceTree = "<group>"; };
		D72867161DCB318E00D77B38 /* CarInfoListVC.h */ = {isa = PBXFileReference; fileEncoding = 4; lastKnownFileType = sourcecode.c.h; path = CarInfoListVC.h; sourceTree = "<group>"; };
		D72867171DCB318E00D77B38 /* CarInfoListVC.m */ = {isa = PBXFileReference; fileEncoding = 4; lastKnownFileType = sourcecode.c.objc; path = CarInfoListVC.m; sourceTree = "<group>"; };
		D72867191DCB33BE00D77B38 /* CarsNav.h */ = {isa = PBXFileReference; fileEncoding = 4; lastKnownFileType = sourcecode.c.h; path = CarsNav.h; sourceTree = "<group>"; };
		D728671A1DCB33BE00D77B38 /* CarsNav.m */ = {isa = PBXFileReference; fileEncoding = 4; lastKnownFileType = sourcecode.c.objc; path = CarsNav.m; sourceTree = "<group>"; };
		D728671C1DCB3B3E00D77B38 /* CarInfoChangeVC.h */ = {isa = PBXFileReference; fileEncoding = 4; lastKnownFileType = sourcecode.c.h; path = CarInfoChangeVC.h; sourceTree = "<group>"; };
		D728671D1DCB3B3E00D77B38 /* CarInfoChangeVC.m */ = {isa = PBXFileReference; fileEncoding = 4; lastKnownFileType = sourcecode.c.objc; path = CarInfoChangeVC.m; sourceTree = "<group>"; };
		D744546C1DC0A4E3008B5E27 /* LoginVC.h */ = {isa = PBXFileReference; fileEncoding = 4; lastKnownFileType = sourcecode.c.h; path = LoginVC.h; sourceTree = "<group>"; };
		D744546D1DC0A4E3008B5E27 /* LoginVC.m */ = {isa = PBXFileReference; fileEncoding = 4; lastKnownFileType = sourcecode.c.objc; path = LoginVC.m; sourceTree = "<group>"; };
		D744546F1DC0A93A008B5E27 /* UserModel.h */ = {isa = PBXFileReference; fileEncoding = 4; lastKnownFileType = sourcecode.c.h; path = UserModel.h; sourceTree = "<group>"; };
		D74454701DC0A93A008B5E27 /* UserModel.m */ = {isa = PBXFileReference; fileEncoding = 4; lastKnownFileType = sourcecode.c.objc; path = UserModel.m; sourceTree = "<group>"; };
		D74454721DC0B4EC008B5E27 /* AlertView.h */ = {isa = PBXFileReference; fileEncoding = 4; lastKnownFileType = sourcecode.c.h; path = AlertView.h; sourceTree = "<group>"; };
		D74454731DC0B4EC008B5E27 /* AlertView.m */ = {isa = PBXFileReference; fileEncoding = 4; lastKnownFileType = sourcecode.c.objc; path = AlertView.m; sourceTree = "<group>"; };
		D7CFB8991DC6D1DD0063A1B5 /* LoginView.h */ = {isa = PBXFileReference; fileEncoding = 4; lastKnownFileType = sourcecode.c.h; path = LoginView.h; sourceTree = "<group>"; };
		D7CFB89A1DC6D1DD0063A1B5 /* LoginView.m */ = {isa = PBXFileReference; fileEncoding = 4; lastKnownFileType = sourcecode.c.objc; path = LoginView.m; sourceTree = "<group>"; };
		D7DC69861DC8425A004C67F5 /* UserInfoManagementTVC.h */ = {isa = PBXFileReference; fileEncoding = 4; lastKnownFileType = sourcecode.c.h; path = UserInfoManagementTVC.h; sourceTree = "<group>"; };
		D7DC69871DC8425A004C67F5 /* UserInfoManagementTVC.m */ = {isa = PBXFileReference; fileEncoding = 4; lastKnownFileType = sourcecode.c.objc; path = UserInfoManagementTVC.m; sourceTree = "<group>"; };
		F582932A18134E7F8CF97E5C /* Pods-TianlangStar.release.xcconfig */ = {isa = PBXFileReference; includeInIndex = 1; lastKnownFileType = text.xcconfig; name = "Pods-TianlangStar.release.xcconfig"; path = "Pods/Target Support Files/Pods-TianlangStar/Pods-TianlangStar.release.xcconfig"; sourceTree = "<group>"; };
		FF78FE4AF5ED1C62DC57B309 /* Pods-TianlangStar.debug.xcconfig */ = {isa = PBXFileReference; includeInIndex = 1; lastKnownFileType = text.xcconfig; name = "Pods-TianlangStar.debug.xcconfig"; path = "Pods/Target Support Files/Pods-TianlangStar/Pods-TianlangStar.debug.xcconfig"; sourceTree = "<group>"; };
/* End PBXFileReference section */

/* Begin PBXFrameworksBuildPhase section */
		D705CEA11DC09BBF00F65BE0 /* Frameworks */ = {
			isa = PBXFrameworksBuildPhase;
			buildActionMask = 2147483647;
			files = (
				2EA5BADAA63B9509A3B0A5A3 /* libPods-TianlangStar.a in Frameworks */,
			);
			runOnlyForDeploymentPostprocessing = 0;
		};
		D705CEBA1DC09BBF00F65BE0 /* Frameworks */ = {
			isa = PBXFrameworksBuildPhase;
			buildActionMask = 2147483647;
			files = (
			);
			runOnlyForDeploymentPostprocessing = 0;
		};
		D705CEC51DC09BBF00F65BE0 /* Frameworks */ = {
			isa = PBXFrameworksBuildPhase;
			buildActionMask = 2147483647;
			files = (
			);
			runOnlyForDeploymentPostprocessing = 0;
		};
/* End PBXFrameworksBuildPhase section */

/* Begin PBXGroup section */
		0E8D643DB9722D041FC8744F /* Pods */ = {
			isa = PBXGroup;
			children = (
				FF78FE4AF5ED1C62DC57B309 /* Pods-TianlangStar.debug.xcconfig */,
				F582932A18134E7F8CF97E5C /* Pods-TianlangStar.release.xcconfig */,
			);
			name = Pods;
			sourceTree = "<group>";
		};
		5370577114BDF5920017DEE6 /* Frameworks */ = {
			isa = PBXGroup;
			children = (
				2B90E1B38CD70A4ED6F4D1C9 /* libPods-TianlangStar.a */,
			);
			name = Frameworks;
			sourceTree = "<group>";
		};
		D705CE9B1DC09BBE00F65BE0 = {
			isa = PBXGroup;
			children = (
				D705CEA61DC09BBF00F65BE0 /* TianlangStar */,
				D705CEC01DC09BBF00F65BE0 /* TianlangStarTests */,
				D705CECB1DC09BBF00F65BE0 /* TianlangStarUITests */,
				D705CEA51DC09BBF00F65BE0 /* Products */,
				0E8D643DB9722D041FC8744F /* Pods */,
				5370577114BDF5920017DEE6 /* Frameworks */,
			);
			sourceTree = "<group>";
		};
		D705CEA51DC09BBF00F65BE0 /* Products */ = {
			isa = PBXGroup;
			children = (
				D705CEA41DC09BBF00F65BE0 /* TianlangStar.app */,
				D705CEBD1DC09BBF00F65BE0 /* TianlangStarTests.xctest */,
				D705CEC81DC09BBF00F65BE0 /* TianlangStarUITests.xctest */,
			);
			name = Products;
			sourceTree = "<group>";
		};
		D705CEA61DC09BBF00F65BE0 /* TianlangStar */ = {
			isa = PBXGroup;
			children = (
				D705CEDA1DC09C6400F65BE0 /* Project */,
				D705CEB31DC09BBF00F65BE0 /* Assets.xcassets */,
				D705CEB51DC09BBF00F65BE0 /* LaunchScreen.storyboard */,
				D705CF331DC09CBB00F65BE0 /* Main.storyboard */,
				D705CEB81DC09BBF00F65BE0 /* Info.plist */,
				D705CEA71DC09BBF00F65BE0 /* Supporting Files */,
			);
			path = TianlangStar;
			sourceTree = "<group>";
		};
		D705CEA71DC09BBF00F65BE0 /* Supporting Files */ = {
			isa = PBXGroup;
			children = (
				D705CEA81DC09BBF00F65BE0 /* main.m */,
			);
			name = "Supporting Files";
			sourceTree = "<group>";
		};
		D705CEC01DC09BBF00F65BE0 /* TianlangStarTests */ = {
			isa = PBXGroup;
			children = (
				D705CEC11DC09BBF00F65BE0 /* TianlangStarTests.m */,
				D705CEC31DC09BBF00F65BE0 /* Info.plist */,
			);
			path = TianlangStarTests;
			sourceTree = "<group>";
		};
		D705CECB1DC09BBF00F65BE0 /* TianlangStarUITests */ = {
			isa = PBXGroup;
			children = (
				D705CECC1DC09BBF00F65BE0 /* TianlangStarUITests.m */,
				D705CECE1DC09BBF00F65BE0 /* Info.plist */,
			);
			path = TianlangStarUITests;
			sourceTree = "<group>";
		};
		D705CEDA1DC09C6400F65BE0 /* Project */ = {
			isa = PBXGroup;
			children = (
				D705CEDB1DC09C6400F65BE0 /* AppDelegate */,
				D705CF0E1DC09C6400F65BE0 /* RootVC */,
				D705CF091DC09C6400F65BE0 /* Reachability */,
				D705CEDE1DC09C6400F65BE0 /* Helper */,
				D705CEFD1DC09C6400F65BE0 /* HomePage */,
				D705CF171DC09C6400F65BE0 /* TianlangXing */,
				D705CF111DC09C6400F65BE0 /* ShoppingCart */,
				D705CF031DC09C6400F65BE0 /* Mine */,
			);
			path = Project;
			sourceTree = "<group>";
		};
		D705CEDB1DC09C6400F65BE0 /* AppDelegate */ = {
			isa = PBXGroup;
			children = (
				D705CEDC1DC09C6400F65BE0 /* AppDelegate.h */,
				D705CEDD1DC09C6400F65BE0 /* AppDelegate.m */,
			);
			path = AppDelegate;
			sourceTree = "<group>";
		};
		D705CEDE1DC09C6400F65BE0 /* Helper */ = {
			isa = PBXGroup;
			children = (
				D72866F81DCB144800D77B38 /* ILSetting */,
				D705CEDF1DC09C6400F65BE0 /* Category */,
				D705CEF71DC09C6400F65BE0 /* PCH */,
				D705CEF91DC09C6400F65BE0 /* Singleton */,
			);
			path = Helper;
			sourceTree = "<group>";
		};
		D705CEDF1DC09C6400F65BE0 /* Category */ = {
			isa = PBXGroup;
			children = (
				D705CEE01DC09C6400F65BE0 /* Foundation+Log.m */,
				D705CEE11DC09C6400F65BE0 /* NSString+extension.h */,
				D705CEE21DC09C6400F65BE0 /* NSString+extension.m */,
				D705CEE31DC09C6400F65BE0 /* PinchPicture.h */,
				D705CEE41DC09C6400F65BE0 /* PinchPicture.m */,
				D705CEE51DC09C6400F65BE0 /* RSA.h */,
				D705CEE61DC09C6400F65BE0 /* RSA.m */,
				D705CEE71DC09C6400F65BE0 /* TestFildJudge.h */,
				D705CEE81DC09C6400F65BE0 /* TestFildJudge.m */,
				D705CEE91DC09C6400F65BE0 /* UIImage+Cut.h */,
				D705CEEA1DC09C6400F65BE0 /* UIImage+Cut.m */,
				D705CEEB1DC09C6400F65BE0 /* UIImage+Tool.h */,
				D705CEEC1DC09C6400F65BE0 /* UIImage+Tool.m */,
				D705CEED1DC09C6400F65BE0 /* UILabel+LabelHeightAndWidth.h */,
				D705CEEE1DC09C6400F65BE0 /* UILabel+LabelHeightAndWidth.m */,
				D705CEEF1DC09C6400F65BE0 /* UITableViewCell+AdjustHeight.h */,
				D705CEF01DC09C6400F65BE0 /* UITableViewCell+AdjustHeight.m */,
				D705CEF11DC09C6400F65BE0 /* UITextField+extension.h */,
				D705CEF21DC09C6400F65BE0 /* UITextField+extension.m */,
				D705CEF31DC09C6400F65BE0 /* UIView+XMGExtension.h */,
				D705CEF41DC09C6400F65BE0 /* UIView+XMGExtension.m */,
				D705CEF51DC09C6400F65BE0 /* XLXConst.h */,
				D705CEF61DC09C6400F65BE0 /* XLXConst.m */,
				D74454721DC0B4EC008B5E27 /* AlertView.h */,
				D74454731DC0B4EC008B5E27 /* AlertView.m */,
			);
			path = Category;
			sourceTree = "<group>";
		};
		D705CEF71DC09C6400F65BE0 /* PCH */ = {
			isa = PBXGroup;
			children = (
				D705CEF81DC09C6400F65BE0 /* PrefixHeader.pch */,
			);
			path = PCH;
			sourceTree = "<group>";
		};
		D705CEF91DC09C6400F65BE0 /* Singleton */ = {
			isa = PBXGroup;
			children = (
				D705CEFA1DC09C6400F65BE0 /* Singleton.h */,
				D705CEFB1DC09C6400F65BE0 /* UserInfo.h */,
				D705CEFC1DC09C6400F65BE0 /* UserInfo.m */,
			);
			path = Singleton;
			sourceTree = "<group>";
		};
		D705CEFD1DC09C6400F65BE0 /* HomePage */ = {
			isa = PBXGroup;
			children = (
				D705CEFE1DC09C6400F65BE0 /* Controller */,
				D705CF011DC09C6400F65BE0 /* Model */,
				D705CF021DC09C6400F65BE0 /* View */,
			);
			path = HomePage;
			sourceTree = "<group>";
		};
		D705CEFE1DC09C6400F65BE0 /* Controller */ = {
			isa = PBXGroup;
			children = (
				D705CEFF1DC09C6400F65BE0 /* HomePageVC.h */,
				D705CF001DC09C6400F65BE0 /* HomePageVC.m */,
				717D0D811DC0B5620036D5F4 /* RegistVC.h */,
				717D0D821DC0B5620036D5F4 /* RegistVC.m */,
				71BE7FCF1DC336E6000E0BFB /* ForgetPwdVC.h */,
				71BE7FD01DC336E6000E0BFB /* ForgetPwdVC.m */,
				71BE7FC61DC324B4000E0BFB /* RegistProtocolVC.h */,
				71BE7FC71DC324B4000E0BFB /* RegistProtocolVC.m */,
			);
			path = Controller;
			sourceTree = "<group>";
		};
		D705CF011DC09C6400F65BE0 /* Model */ = {
			isa = PBXGroup;
			children = (
			);
			path = Model;
			sourceTree = "<group>";
		};
		D705CF021DC09C6400F65BE0 /* View */ = {
			isa = PBXGroup;
			children = (
			);
			path = View;
			sourceTree = "<group>";
		};
		D705CF031DC09C6400F65BE0 /* Mine */ = {
			isa = PBXGroup;
			children = (
				D705CF041DC09C6400F65BE0 /* Controller */,
				D705CF071DC09C6400F65BE0 /* Model */,
				D705CF081DC09C6400F65BE0 /* View */,
			);
			path = Mine;
			sourceTree = "<group>";
		};
		D705CF041DC09C6400F65BE0 /* Controller */ = {
			isa = PBXGroup;
			children = (
				D744546C1DC0A4E3008B5E27 /* LoginVC.h */,
				D744546D1DC0A4E3008B5E27 /* LoginVC.m */,
				D705CF051DC09C6400F65BE0 /* MineVC.h */,
				D705CF061DC09C6400F65BE0 /* MineVC.m */,
				D7DC69861DC8425A004C67F5 /* UserInfoManagementTVC.h */,
				D7DC69871DC8425A004C67F5 /* UserInfoManagementTVC.m */,
				D72867111DCB154C00D77B38 /* FeedbackVC.h */,
				D72867121DCB154C00D77B38 /* FeedbackVC.m */,
				D72867131DCB154C00D77B38 /* FeedbackVC.xib */,
				D72867161DCB318E00D77B38 /* CarInfoListVC.h */,
				D72867171DCB318E00D77B38 /* CarInfoListVC.m */,
				D728671C1DCB3B3E00D77B38 /* CarInfoChangeVC.h */,
				D728671D1DCB3B3E00D77B38 /* CarInfoChangeVC.m */,
			);
			path = Controller;
			sourceTree = "<group>";
		};
		D705CF071DC09C6400F65BE0 /* Model */ = {
			isa = PBXGroup;
			children = (
				D72866DF1DCAE33300D77B38 /* SettingItem */,
				D744546F1DC0A93A008B5E27 /* UserModel.h */,
				D74454701DC0A93A008B5E27 /* UserModel.m */,
			);
			path = Model;
			sourceTree = "<group>";
		};
		D705CF081DC09C6400F65BE0 /* View */ = {
			isa = PBXGroup;
			children = (
				D7CFB8991DC6D1DD0063A1B5 /* LoginView.h */,
				D7CFB89A1DC6D1DD0063A1B5 /* LoginView.m */,
				D71F66B21DCC289E000A6861 /* CarInputCell.h */,
				D71F66B31DCC289E000A6861 /* CarInputCell.m */,
			);
			path = View;
			sourceTree = "<group>";
		};
		D705CF091DC09C6400F65BE0 /* Reachability */ = {
			isa = PBXGroup;
			children = (
				D705CF0A1DC09C6400F65BE0 /* LICENCE.txt */,
				D705CF0B1DC09C6400F65BE0 /* Reachability.h */,
				D705CF0C1DC09C6400F65BE0 /* Reachability.m */,
				D705CF0D1DC09C6400F65BE0 /* README.md */,
			);
			path = Reachability;
			sourceTree = "<group>";
		};
		D705CF0E1DC09C6400F65BE0 /* RootVC */ = {
			isa = PBXGroup;
			children = (
				D705CF0F1DC09C6400F65BE0 /* RootVC.h */,
				D705CF101DC09C6400F65BE0 /* RootVC.m */,
				D72867191DCB33BE00D77B38 /* CarsNav.h */,
				D728671A1DCB33BE00D77B38 /* CarsNav.m */,
			);
			path = RootVC;
			sourceTree = "<group>";
		};
		D705CF111DC09C6400F65BE0 /* ShoppingCart */ = {
			isa = PBXGroup;
			children = (
				D705CF121DC09C6400F65BE0 /* Controller */,
				D705CF151DC09C6400F65BE0 /* Model */,
				D705CF161DC09C6400F65BE0 /* View */,
			);
			path = ShoppingCart;
			sourceTree = "<group>";
		};
		D705CF121DC09C6400F65BE0 /* Controller */ = {
			isa = PBXGroup;
			children = (
				D705CF131DC09C6400F65BE0 /* ShoppingCartVC.h */,
				D705CF141DC09C6400F65BE0 /* ShoppingCartVC.m */,
			);
			path = Controller;
			sourceTree = "<group>";
		};
		D705CF151DC09C6400F65BE0 /* Model */ = {
			isa = PBXGroup;
			children = (
			);
			path = Model;
			sourceTree = "<group>";
		};
		D705CF161DC09C6400F65BE0 /* View */ = {
			isa = PBXGroup;
			children = (
			);
			path = View;
			sourceTree = "<group>";
		};
		D705CF171DC09C6400F65BE0 /* TianlangXing */ = {
			isa = PBXGroup;
			children = (
				D705CF181DC09C6400F65BE0 /* Controller */,
				D705CF1B1DC09C6400F65BE0 /* Model */,
				D705CF1C1DC09C6400F65BE0 /* View */,
			);
			path = TianlangXing;
			sourceTree = "<group>";
		};
		D705CF181DC09C6400F65BE0 /* Controller */ = {
			isa = PBXGroup;
			children = (
				D705CF191DC09C6400F65BE0 /* TLStarVC.h */,
				D705CF1A1DC09C6400F65BE0 /* TLStarVC.m */,
			);
			path = Controller;
			sourceTree = "<group>";
		};
		D705CF1B1DC09C6400F65BE0 /* Model */ = {
			isa = PBXGroup;
			children = (
			);
			path = Model;
			sourceTree = "<group>";
		};
		D705CF1C1DC09C6400F65BE0 /* View */ = {
			isa = PBXGroup;
			children = (
			);
			path = View;
			sourceTree = "<group>";
		};
		D72866DF1DCAE33300D77B38 /* SettingItem */ = {
			isa = PBXGroup;
			children = (
			);
			path = SettingItem;
			sourceTree = "<group>";
		};
		D72866F81DCB144800D77B38 /* ILSetting */ = {
			isa = PBXGroup;
			children = (
				D72866F91DCB144800D77B38 /* Controller */,
				D72866FC1DCB144800D77B38 /* model */,
				D72867031DCB144800D77B38 /* view */,
			);
			path = ILSetting;
			sourceTree = "<group>";
		};
		D72866F91DCB144800D77B38 /* Controller */ = {
			isa = PBXGroup;
			children = (
				D72866FA1DCB144800D77B38 /* ILBaseTableViewController.h */,
				D72866FB1DCB144800D77B38 /* ILBaseTableViewController.m */,
			);
			path = Controller;
			sourceTree = "<group>";
		};
		D72866FC1DCB144800D77B38 /* model */ = {
			isa = PBXGroup;
			children = (
				D72866FD1DCB144800D77B38 /* ILSettingArrowItem.h */,
				D72866FE1DCB144800D77B38 /* ILSettingArrowItem.m */,
				D72866FF1DCB144800D77B38 /* ILSettingGroup.h */,
				D72867001DCB144800D77B38 /* ILSettingGroup.m */,
				D72867011DCB144800D77B38 /* ILSettingItem.h */,
				D72867021DCB144800D77B38 /* ILSettingItem.m */,
			);
			path = model;
			sourceTree = "<group>";
		};
		D72867031DCB144800D77B38 /* view */ = {
			isa = PBXGroup;
			children = (
				D72867041DCB144800D77B38 /* ILSettingCell.h */,
				D72867051DCB144800D77B38 /* ILSettingCell.m */,
				D72867061DCB144800D77B38 /* ILSettingLabelItem.h */,
				D72867071DCB144800D77B38 /* ILSettingLabelItem.m */,
				D72867081DCB144800D77B38 /* ILSettingSwitchItem.h */,
				D72867091DCB144800D77B38 /* ILSettingSwitchItem.m */,
			);
			path = view;
			sourceTree = "<group>";
		};
/* End PBXGroup section */

/* Begin PBXNativeTarget section */
		D705CEA31DC09BBF00F65BE0 /* TianlangStar */ = {
			isa = PBXNativeTarget;
			buildConfigurationList = D705CED11DC09BBF00F65BE0 /* Build configuration list for PBXNativeTarget "TianlangStar" */;
			buildPhases = (
				BB2726DCC74D49EFDFB089EC /* [CP] Check Pods Manifest.lock */,
				D705CEA01DC09BBF00F65BE0 /* Sources */,
				D705CEA11DC09BBF00F65BE0 /* Frameworks */,
				D705CEA21DC09BBF00F65BE0 /* Resources */,
				63782C31C4035C4333C71173 /* [CP] Embed Pods Frameworks */,
				B7090D06A2D07FAC46CAA3B6 /* [CP] Copy Pods Resources */,
			);
			buildRules = (
			);
			dependencies = (
			);
			name = TianlangStar;
			productName = TianlangStar;
			productReference = D705CEA41DC09BBF00F65BE0 /* TianlangStar.app */;
			productType = "com.apple.product-type.application";
		};
		D705CEBC1DC09BBF00F65BE0 /* TianlangStarTests */ = {
			isa = PBXNativeTarget;
			buildConfigurationList = D705CED41DC09BBF00F65BE0 /* Build configuration list for PBXNativeTarget "TianlangStarTests" */;
			buildPhases = (
				D705CEB91DC09BBF00F65BE0 /* Sources */,
				D705CEBA1DC09BBF00F65BE0 /* Frameworks */,
				D705CEBB1DC09BBF00F65BE0 /* Resources */,
			);
			buildRules = (
			);
			dependencies = (
				D705CEBF1DC09BBF00F65BE0 /* PBXTargetDependency */,
			);
			name = TianlangStarTests;
			productName = TianlangStarTests;
			productReference = D705CEBD1DC09BBF00F65BE0 /* TianlangStarTests.xctest */;
			productType = "com.apple.product-type.bundle.unit-test";
		};
		D705CEC71DC09BBF00F65BE0 /* TianlangStarUITests */ = {
			isa = PBXNativeTarget;
			buildConfigurationList = D705CED71DC09BBF00F65BE0 /* Build configuration list for PBXNativeTarget "TianlangStarUITests" */;
			buildPhases = (
				D705CEC41DC09BBF00F65BE0 /* Sources */,
				D705CEC51DC09BBF00F65BE0 /* Frameworks */,
				D705CEC61DC09BBF00F65BE0 /* Resources */,
			);
			buildRules = (
			);
			dependencies = (
				D705CECA1DC09BBF00F65BE0 /* PBXTargetDependency */,
			);
			name = TianlangStarUITests;
			productName = TianlangStarUITests;
			productReference = D705CEC81DC09BBF00F65BE0 /* TianlangStarUITests.xctest */;
			productType = "com.apple.product-type.bundle.ui-testing";
		};
/* End PBXNativeTarget section */

/* Begin PBXProject section */
		D705CE9C1DC09BBE00F65BE0 /* Project object */ = {
			isa = PBXProject;
			attributes = {
				LastUpgradeCheck = 0730;
				ORGANIZATIONNAME = yysj;
				TargetAttributes = {
					D705CEA31DC09BBF00F65BE0 = {
						CreatedOnToolsVersion = 7.3.1;
						DevelopmentTeam = QL2W84V672;
					};
					D705CEBC1DC09BBF00F65BE0 = {
						CreatedOnToolsVersion = 7.3.1;
						DevelopmentTeam = QNUK69R48D;
						TestTargetID = D705CEA31DC09BBF00F65BE0;
					};
					D705CEC71DC09BBF00F65BE0 = {
						CreatedOnToolsVersion = 7.3.1;
						DevelopmentTeam = QNUK69R48D;
						TestTargetID = D705CEA31DC09BBF00F65BE0;
					};
				};
			};
			buildConfigurationList = D705CE9F1DC09BBE00F65BE0 /* Build configuration list for PBXProject "TianlangStar" */;
			compatibilityVersion = "Xcode 3.2";
			developmentRegion = English;
			hasScannedForEncodings = 0;
			knownRegions = (
				en,
				Base,
			);
			mainGroup = D705CE9B1DC09BBE00F65BE0;
			productRefGroup = D705CEA51DC09BBF00F65BE0 /* Products */;
			projectDirPath = "";
			projectRoot = "";
			targets = (
				D705CEA31DC09BBF00F65BE0 /* TianlangStar */,
				D705CEBC1DC09BBF00F65BE0 /* TianlangStarTests */,
				D705CEC71DC09BBF00F65BE0 /* TianlangStarUITests */,
			);
		};
/* End PBXProject section */

/* Begin PBXResourcesBuildPhase section */
		D705CEA21DC09BBF00F65BE0 /* Resources */ = {
			isa = PBXResourcesBuildPhase;
			buildActionMask = 2147483647;
			files = (
				D705CF2D1DC09C6400F65BE0 /* LICENCE.txt in Resources */,
				D705CEB71DC09BBF00F65BE0 /* LaunchScreen.storyboard in Resources */,
				D72867151DCB154C00D77B38 /* FeedbackVC.xib in Resources */,
				D705CEB41DC09BBF00F65BE0 /* Assets.xcassets in Resources */,
				D705CF351DC09CBB00F65BE0 /* Main.storyboard in Resources */,
			);
			runOnlyForDeploymentPostprocessing = 0;
		};
		D705CEBB1DC09BBF00F65BE0 /* Resources */ = {
			isa = PBXResourcesBuildPhase;
			buildActionMask = 2147483647;
			files = (
			);
			runOnlyForDeploymentPostprocessing = 0;
		};
		D705CEC61DC09BBF00F65BE0 /* Resources */ = {
			isa = PBXResourcesBuildPhase;
			buildActionMask = 2147483647;
			files = (
			);
			runOnlyForDeploymentPostprocessing = 0;
		};
/* End PBXResourcesBuildPhase section */

/* Begin PBXShellScriptBuildPhase section */
		63782C31C4035C4333C71173 /* [CP] Embed Pods Frameworks */ = {
			isa = PBXShellScriptBuildPhase;
			buildActionMask = 2147483647;
			files = (
			);
			inputPaths = (
			);
			name = "[CP] Embed Pods Frameworks";
			outputPaths = (
			);
			runOnlyForDeploymentPostprocessing = 0;
			shellPath = /bin/sh;
			shellScript = "\"${SRCROOT}/Pods/Target Support Files/Pods-TianlangStar/Pods-TianlangStar-frameworks.sh\"\n";
			showEnvVarsInLog = 0;
		};
		B7090D06A2D07FAC46CAA3B6 /* [CP] Copy Pods Resources */ = {
			isa = PBXShellScriptBuildPhase;
			buildActionMask = 2147483647;
			files = (
			);
			inputPaths = (
			);
			name = "[CP] Copy Pods Resources";
			outputPaths = (
			);
			runOnlyForDeploymentPostprocessing = 0;
			shellPath = /bin/sh;
			shellScript = "\"${SRCROOT}/Pods/Target Support Files/Pods-TianlangStar/Pods-TianlangStar-resources.sh\"\n";
			showEnvVarsInLog = 0;
		};
		BB2726DCC74D49EFDFB089EC /* [CP] Check Pods Manifest.lock */ = {
			isa = PBXShellScriptBuildPhase;
			buildActionMask = 2147483647;
			files = (
			);
			inputPaths = (
			);
			name = "[CP] Check Pods Manifest.lock";
			outputPaths = (
			);
			runOnlyForDeploymentPostprocessing = 0;
			shellPath = /bin/sh;
			shellScript = "diff \"${PODS_ROOT}/../Podfile.lock\" \"${PODS_ROOT}/Manifest.lock\" > /dev/null\nif [[ $? != 0 ]] ; then\n    cat << EOM\nerror: The sandbox is not in sync with the Podfile.lock. Run 'pod install' or update your CocoaPods installation.\nEOM\n    exit 1\nfi\n";
			showEnvVarsInLog = 0;
		};
/* End PBXShellScriptBuildPhase section */

/* Begin PBXSourcesBuildPhase section */
		D705CEA01DC09BBF00F65BE0 /* Sources */ = {
			isa = PBXSourcesBuildPhase;
			buildActionMask = 2147483647;
			files = (
				D705CF231DC09C6400F65BE0 /* UIImage+Cut.m in Sources */,
				D728670F1DCB144800D77B38 /* ILSettingLabelItem.m in Sources */,
				D728671B1DCB33BE00D77B38 /* CarsNav.m in Sources */,
				D705CF221DC09C6400F65BE0 /* TestFildJudge.m in Sources */,
				D705CF211DC09C6400F65BE0 /* RSA.m in Sources */,
				D72867101DCB144800D77B38 /* ILSettingSwitchItem.m in Sources */,
				D72867141DCB154C00D77B38 /* FeedbackVC.m in Sources */,
				D71F66B41DCC289E000A6861 /* CarInputCell.m in Sources */,
				D7DC69881DC8425A004C67F5 /* UserInfoManagementTVC.m in Sources */,
				D705CF1D1DC09C6400F65BE0 /* AppDelegate.m in Sources */,
				D705CEA91DC09BBF00F65BE0 /* main.m in Sources */,
				D705CF271DC09C6400F65BE0 /* UITextField+extension.m in Sources */,
				D728670E1DCB144800D77B38 /* ILSettingCell.m in Sources */,
				D74454711DC0A93A008B5E27 /* UserModel.m in Sources */,
				D705CF2B1DC09C6400F65BE0 /* HomePageVC.m in Sources */,
				D705CF291DC09C6400F65BE0 /* XLXConst.m in Sources */,
				71BE7FC81DC324B4000E0BFB /* RegistProtocolVC.m in Sources */,
				D728670D1DCB144800D77B38 /* ILSettingItem.m in Sources */,
				D705CF301DC09C6400F65BE0 /* RootVC.m in Sources */,
				D705CF251DC09C6400F65BE0 /* UILabel+LabelHeightAndWidth.m in Sources */,
				D705CF2C1DC09C6400F65BE0 /* MineVC.m in Sources */,
				D705CF1E1DC09C6400F65BE0 /* Foundation+Log.m in Sources */,
				D72867181DCB318E00D77B38 /* CarInfoListVC.m in Sources */,
				D728670A1DCB144800D77B38 /* ILBaseTableViewController.m in Sources */,
				71BE7FD11DC336E6000E0BFB /* ForgetPwdVC.m in Sources */,
				D728670C1DCB144800D77B38 /* ILSettingGroup.m in Sources */,
				D728670B1DCB144800D77B38 /* ILSettingArrowItem.m in Sources */,
				D705CF281DC09C6400F65BE0 /* UIView+XMGExtension.m in Sources */,
				D705CF261DC09C6400F65BE0 /* UITableViewCell+AdjustHeight.m in Sources */,
				D705CF2F1DC09C6400F65BE0 /* README.md in Sources */,
				D705CF311DC09C6400F65BE0 /* ShoppingCartVC.m in Sources */,
				D705CF321DC09C6400F65BE0 /* TLStarVC.m in Sources */,
				D7CFB89B1DC6D1DD0063A1B5 /* LoginView.m in Sources */,
				D705CF241DC09C6400F65BE0 /* UIImage+Tool.m in Sources */,
				D705CF1F1DC09C6400F65BE0 /* NSString+extension.m in Sources */,
				D74454741DC0B4EC008B5E27 /* AlertView.m in Sources */,
				D728671E1DCB3B3E00D77B38 /* CarInfoChangeVC.m in Sources */,
				D705CF2A1DC09C6400F65BE0 /* UserInfo.m in Sources */,
				D705CF2E1DC09C6400F65BE0 /* Reachability.m in Sources */,
				D744546E1DC0A4E3008B5E27 /* LoginVC.m in Sources */,
				717D0D831DC0B5620036D5F4 /* RegistVC.m in Sources */,
				D705CF201DC09C6400F65BE0 /* PinchPicture.m in Sources */,
			);
			runOnlyForDeploymentPostprocessing = 0;
		};
		D705CEB91DC09BBF00F65BE0 /* Sources */ = {
			isa = PBXSourcesBuildPhase;
			buildActionMask = 2147483647;
			files = (
				D705CEC21DC09BBF00F65BE0 /* TianlangStarTests.m in Sources */,
			);
			runOnlyForDeploymentPostprocessing = 0;
		};
		D705CEC41DC09BBF00F65BE0 /* Sources */ = {
			isa = PBXSourcesBuildPhase;
			buildActionMask = 2147483647;
			files = (
				D705CECD1DC09BBF00F65BE0 /* TianlangStarUITests.m in Sources */,
			);
			runOnlyForDeploymentPostprocessing = 0;
		};
/* End PBXSourcesBuildPhase section */

/* Begin PBXTargetDependency section */
		D705CEBF1DC09BBF00F65BE0 /* PBXTargetDependency */ = {
			isa = PBXTargetDependency;
			target = D705CEA31DC09BBF00F65BE0 /* TianlangStar */;
			targetProxy = D705CEBE1DC09BBF00F65BE0 /* PBXContainerItemProxy */;
		};
		D705CECA1DC09BBF00F65BE0 /* PBXTargetDependency */ = {
			isa = PBXTargetDependency;
			target = D705CEA31DC09BBF00F65BE0 /* TianlangStar */;
			targetProxy = D705CEC91DC09BBF00F65BE0 /* PBXContainerItemProxy */;
		};
/* End PBXTargetDependency section */

/* Begin PBXVariantGroup section */
		D705CEB51DC09BBF00F65BE0 /* LaunchScreen.storyboard */ = {
			isa = PBXVariantGroup;
			children = (
				D705CEB61DC09BBF00F65BE0 /* Base */,
			);
			name = LaunchScreen.storyboard;
			sourceTree = "<group>";
		};
		D705CF331DC09CBB00F65BE0 /* Main.storyboard */ = {
			isa = PBXVariantGroup;
			children = (
				D705CF341DC09CBB00F65BE0 /* Base */,
			);
			name = Main.storyboard;
			sourceTree = "<group>";
		};
/* End PBXVariantGroup section */

/* Begin XCBuildConfiguration section */
		D705CECF1DC09BBF00F65BE0 /* Debug */ = {
			isa = XCBuildConfiguration;
			buildSettings = {
				ALWAYS_SEARCH_USER_PATHS = NO;
				CLANG_ANALYZER_NONNULL = YES;
				CLANG_CXX_LANGUAGE_STANDARD = "gnu++0x";
				CLANG_CXX_LIBRARY = "libc++";
				CLANG_ENABLE_MODULES = YES;
				CLANG_ENABLE_OBJC_ARC = YES;
				CLANG_WARN_BOOL_CONVERSION = YES;
				CLANG_WARN_CONSTANT_CONVERSION = YES;
				CLANG_WARN_DIRECT_OBJC_ISA_USAGE = YES_ERROR;
				CLANG_WARN_EMPTY_BODY = YES;
				CLANG_WARN_ENUM_CONVERSION = YES;
				CLANG_WARN_INT_CONVERSION = YES;
				CLANG_WARN_OBJC_ROOT_CLASS = YES_ERROR;
				CLANG_WARN_UNREACHABLE_CODE = YES;
				CLANG_WARN__DUPLICATE_METHOD_MATCH = YES;
				"CODE_SIGN_IDENTITY[sdk=iphoneos*]" = "iPhone Developer";
				COPY_PHASE_STRIP = NO;
				DEBUG_INFORMATION_FORMAT = dwarf;
				ENABLE_STRICT_OBJC_MSGSEND = YES;
				ENABLE_TESTABILITY = YES;
				GCC_C_LANGUAGE_STANDARD = gnu99;
				GCC_DYNAMIC_NO_PIC = NO;
				GCC_NO_COMMON_BLOCKS = YES;
				GCC_OPTIMIZATION_LEVEL = 0;
				GCC_PRECOMPILE_PREFIX_HEADER = YES;
				GCC_PREFIX_HEADER = TianlangStar/Project/Helper/PCH/PrefixHeader.pch;
				GCC_PREPROCESSOR_DEFINITIONS = (
					"DEBUG=1",
					"$(inherited)",
				);
				GCC_WARN_64_TO_32_BIT_CONVERSION = YES;
				GCC_WARN_ABOUT_RETURN_TYPE = YES_ERROR;
				GCC_WARN_UNDECLARED_SELECTOR = YES;
				GCC_WARN_UNINITIALIZED_AUTOS = YES_AGGRESSIVE;
				GCC_WARN_UNUSED_FUNCTION = YES;
				GCC_WARN_UNUSED_VARIABLE = YES;
				IPHONEOS_DEPLOYMENT_TARGET = 9.3;
				MTL_ENABLE_DEBUG_INFO = YES;
				ONLY_ACTIVE_ARCH = YES;
				SDKROOT = iphoneos;
			};
			name = Debug;
		};
		D705CED01DC09BBF00F65BE0 /* Release */ = {
			isa = XCBuildConfiguration;
			buildSettings = {
				ALWAYS_SEARCH_USER_PATHS = NO;
				CLANG_ANALYZER_NONNULL = YES;
				CLANG_CXX_LANGUAGE_STANDARD = "gnu++0x";
				CLANG_CXX_LIBRARY = "libc++";
				CLANG_ENABLE_MODULES = YES;
				CLANG_ENABLE_OBJC_ARC = YES;
				CLANG_WARN_BOOL_CONVERSION = YES;
				CLANG_WARN_CONSTANT_CONVERSION = YES;
				CLANG_WARN_DIRECT_OBJC_ISA_USAGE = YES_ERROR;
				CLANG_WARN_EMPTY_BODY = YES;
				CLANG_WARN_ENUM_CONVERSION = YES;
				CLANG_WARN_INT_CONVERSION = YES;
				CLANG_WARN_OBJC_ROOT_CLASS = YES_ERROR;
				CLANG_WARN_UNREACHABLE_CODE = YES;
				CLANG_WARN__DUPLICATE_METHOD_MATCH = YES;
				"CODE_SIGN_IDENTITY[sdk=iphoneos*]" = "iPhone Developer";
				COPY_PHASE_STRIP = NO;
				DEBUG_INFORMATION_FORMAT = "dwarf-with-dsym";
				ENABLE_NS_ASSERTIONS = NO;
				ENABLE_STRICT_OBJC_MSGSEND = YES;
				GCC_C_LANGUAGE_STANDARD = gnu99;
				GCC_NO_COMMON_BLOCKS = YES;
				GCC_PRECOMPILE_PREFIX_HEADER = YES;
				GCC_PREFIX_HEADER = TianlangStar/Project/Helper/PCH/PrefixHeader.pch;
				GCC_WARN_64_TO_32_BIT_CONVERSION = YES;
				GCC_WARN_ABOUT_RETURN_TYPE = YES_ERROR;
				GCC_WARN_UNDECLARED_SELECTOR = YES;
				GCC_WARN_UNINITIALIZED_AUTOS = YES_AGGRESSIVE;
				GCC_WARN_UNUSED_FUNCTION = YES;
				GCC_WARN_UNUSED_VARIABLE = YES;
				IPHONEOS_DEPLOYMENT_TARGET = 9.3;
				MTL_ENABLE_DEBUG_INFO = NO;
				SDKROOT = iphoneos;
				VALIDATE_PRODUCT = YES;
			};
			name = Release;
		};
		D705CED21DC09BBF00F65BE0 /* Debug */ = {
			isa = XCBuildConfiguration;
			baseConfigurationReference = FF78FE4AF5ED1C62DC57B309 /* Pods-TianlangStar.debug.xcconfig */;
			buildSettings = {
				ASSETCATALOG_COMPILER_APPICON_NAME = AppIcon;
				CODE_SIGN_IDENTITY = "iPhone Developer";
				"CODE_SIGN_IDENTITY[sdk=iphoneos*]" = "iPhone Developer: 838971868@qq.com (RFEBVP9QVR)";
				INFOPLIST_FILE = TianlangStar/Info.plist;
				LD_RUNPATH_SEARCH_PATHS = "$(inherited) @executable_path/Frameworks";
				PRODUCT_BUNDLE_IDENTIFIER = yysi.TianlangStar;
				PRODUCT_NAME = "$(TARGET_NAME)";
				PROVISIONING_PROFILE = "";
			};
			name = Debug;
		};
		D705CED31DC09BBF00F65BE0 /* Release */ = {
			isa = XCBuildConfiguration;
			baseConfigurationReference = F582932A18134E7F8CF97E5C /* Pods-TianlangStar.release.xcconfig */;
			buildSettings = {
				ASSETCATALOG_COMPILER_APPICON_NAME = AppIcon;
				CODE_SIGN_IDENTITY = "iPhone Developer";
				"CODE_SIGN_IDENTITY[sdk=iphoneos*]" = "iPhone Developer: 838971868@qq.com (RFEBVP9QVR)";
				INFOPLIST_FILE = TianlangStar/Info.plist;
				LD_RUNPATH_SEARCH_PATHS = "$(inherited) @executable_path/Frameworks";
				PRODUCT_BUNDLE_IDENTIFIER = yysi.TianlangStar;
				PRODUCT_NAME = "$(TARGET_NAME)";
				PROVISIONING_PROFILE = "";
			};
			name = Release;
		};
		D705CED51DC09BBF00F65BE0 /* Debug */ = {
			isa = XCBuildConfiguration;
			buildSettings = {
				BUNDLE_LOADER = "$(TEST_HOST)";
				INFOPLIST_FILE = TianlangStarTests/Info.plist;
				LD_RUNPATH_SEARCH_PATHS = "$(inherited) @executable_path/Frameworks @loader_path/Frameworks";
				PRODUCT_BUNDLE_IDENTIFIER = yysi.TianlangStarTests;
				PRODUCT_NAME = "$(TARGET_NAME)";
				TEST_HOST = "$(BUILT_PRODUCTS_DIR)/TianlangStar.app/TianlangStar";
			};
			name = Debug;
		};
		D705CED61DC09BBF00F65BE0 /* Release */ = {
			isa = XCBuildConfiguration;
			buildSettings = {
				BUNDLE_LOADER = "$(TEST_HOST)";
				INFOPLIST_FILE = TianlangStarTests/Info.plist;
				LD_RUNPATH_SEARCH_PATHS = "$(inherited) @executable_path/Frameworks @loader_path/Frameworks";
				PRODUCT_BUNDLE_IDENTIFIER = yysi.TianlangStarTests;
				PRODUCT_NAME = "$(TARGET_NAME)";
				TEST_HOST = "$(BUILT_PRODUCTS_DIR)/TianlangStar.app/TianlangStar";
			};
			name = Release;
		};
		D705CED81DC09BBF00F65BE0 /* Debug */ = {
			isa = XCBuildConfiguration;
			buildSettings = {
				INFOPLIST_FILE = TianlangStarUITests/Info.plist;
				LD_RUNPATH_SEARCH_PATHS = "$(inherited) @executable_path/Frameworks @loader_path/Frameworks";
				PRODUCT_BUNDLE_IDENTIFIER = yysi.TianlangStarUITests;
				PRODUCT_NAME = "$(TARGET_NAME)";
				TEST_TARGET_NAME = TianlangStar;
			};
			name = Debug;
		};
		D705CED91DC09BBF00F65BE0 /* Release */ = {
			isa = XCBuildConfiguration;
			buildSettings = {
				INFOPLIST_FILE = TianlangStarUITests/Info.plist;
				LD_RUNPATH_SEARCH_PATHS = "$(inherited) @executable_path/Frameworks @loader_path/Frameworks";
				PRODUCT_BUNDLE_IDENTIFIER = yysi.TianlangStarUITests;
				PRODUCT_NAME = "$(TARGET_NAME)";
				TEST_TARGET_NAME = TianlangStar;
			};
			name = Release;
		};
/* End XCBuildConfiguration section */

/* Begin XCConfigurationList section */
		D705CE9F1DC09BBE00F65BE0 /* Build configuration list for PBXProject "TianlangStar" */ = {
			isa = XCConfigurationList;
			buildConfigurations = (
				D705CECF1DC09BBF00F65BE0 /* Debug */,
				D705CED01DC09BBF00F65BE0 /* Release */,
			);
			defaultConfigurationIsVisible = 0;
			defaultConfigurationName = Release;
		};
		D705CED11DC09BBF00F65BE0 /* Build configuration list for PBXNativeTarget "TianlangStar" */ = {
			isa = XCConfigurationList;
			buildConfigurations = (
				D705CED21DC09BBF00F65BE0 /* Debug */,
				D705CED31DC09BBF00F65BE0 /* Release */,
			);
			defaultConfigurationIsVisible = 0;
			defaultConfigurationName = Release;
		};
		D705CED41DC09BBF00F65BE0 /* Build configuration list for PBXNativeTarget "TianlangStarTests" */ = {
			isa = XCConfigurationList;
			buildConfigurations = (
				D705CED51DC09BBF00F65BE0 /* Debug */,
				D705CED61DC09BBF00F65BE0 /* Release */,
			);
			defaultConfigurationIsVisible = 0;
			defaultConfigurationName = Release;
		};
		D705CED71DC09BBF00F65BE0 /* Build configuration list for PBXNativeTarget "TianlangStarUITests" */ = {
			isa = XCConfigurationList;
			buildConfigurations = (
				D705CED81DC09BBF00F65BE0 /* Debug */,
				D705CED91DC09BBF00F65BE0 /* Release */,
			);
			defaultConfigurationIsVisible = 0;
			defaultConfigurationName = Release;
		};
/* End XCConfigurationList section */
	};
	rootObject = D705CE9C1DC09BBE00F65BE0 /* Project object */;
}
